// !$*UTF8*$!
{
	archiveVersion = 1;
	classes = {
	};
	objectVersion = 56;
	objects = {

/* Begin PBXBuildFile section */
		241351942AB746AD001E2506 /* OutdoorsySearchApp.swift in Sources */ = {isa = PBXBuildFile; fileRef = 241351932AB746AD001E2506 /* OutdoorsySearchApp.swift */; };
		241351962AB746AD001E2506 /* ContentView.swift in Sources */ = {isa = PBXBuildFile; fileRef = 241351952AB746AD001E2506 /* ContentView.swift */; };
		241351982AB746AF001E2506 /* Assets.xcassets in Resources */ = {isa = PBXBuildFile; fileRef = 241351972AB746AF001E2506 /* Assets.xcassets */; };
		2413519B2AB746AF001E2506 /* Preview Assets.xcassets in Resources */ = {isa = PBXBuildFile; fileRef = 2413519A2AB746AF001E2506 /* Preview Assets.xcassets */; };
		241351A32AB747B5001E2506 /* RentalResponse.swift in Sources */ = {isa = PBXBuildFile; fileRef = 241351A22AB747B5001E2506 /* RentalResponse.swift */; };
		241351A52AB747E1001E2506 /* Rental.swift in Sources */ = {isa = PBXBuildFile; fileRef = 241351A42AB747E1001E2506 /* Rental.swift */; };
		241351A72AB747F5001E2506 /* RentalAttributes.swift in Sources */ = {isa = PBXBuildFile; fileRef = 241351A62AB747F5001E2506 /* RentalAttributes.swift */; };
		241351A92AB74809001E2506 /* RentalRelationships.swift in Sources */ = {isa = PBXBuildFile; fileRef = 241351A82AB74809001E2506 /* RentalRelationships.swift */; };
		241351AB2AB7481E001E2506 /* PrimaryImageRelationship.swift in Sources */ = {isa = PBXBuildFile; fileRef = 241351AA2AB7481E001E2506 /* PrimaryImageRelationship.swift */; };
		241351AD2AB74833001E2506 /* ImageData.swift in Sources */ = {isa = PBXBuildFile; fileRef = 241351AC2AB74833001E2506 /* ImageData.swift */; };
		241351AF2AB74842001E2506 /* ImageInfo.swift in Sources */ = {isa = PBXBuildFile; fileRef = 241351AE2AB74842001E2506 /* ImageInfo.swift */; };
		241351B12AB74858001E2506 /* ImageAttributes.swift in Sources */ = {isa = PBXBuildFile; fileRef = 241351B02AB74858001E2506 /* ImageAttributes.swift */; };
		241351B42AB74AC3001E2506 /* RentalsViewModel.swift in Sources */ = {isa = PBXBuildFile; fileRef = 241351B32AB74AC3001E2506 /* RentalsViewModel.swift */; };
		241351B82AB759B7001E2506 /* HorizontalRule.swift in Sources */ = {isa = PBXBuildFile; fileRef = 241351B72AB759B7001E2506 /* HorizontalRule.swift */; };
		241351BA2AB75AF0001E2506 /* CustomTextFieldStyle.swift in Sources */ = {isa = PBXBuildFile; fileRef = 241351B92AB75AF0001E2506 /* CustomTextFieldStyle.swift */; };
		241351BC2AB75EFD001E2506 /* SlightlyRoundedImageStyle.swift in Sources */ = {isa = PBXBuildFile; fileRef = 241351BB2AB75EFD001E2506 /* SlightlyRoundedImageStyle.swift */; };
/* End PBXBuildFile section */

/* Begin PBXFileReference section */
		241351902AB746AD001E2506 /* OutdoorsySearch.app */ = {isa = PBXFileReference; explicitFileType = wrapper.application; includeInIndex = 0; path = OutdoorsySearch.app; sourceTree = BUILT_PRODUCTS_DIR; };
		241351932AB746AD001E2506 /* OutdoorsySearchApp.swift */ = {isa = PBXFileReference; lastKnownFileType = sourcecode.swift; path = OutdoorsySearchApp.swift; sourceTree = "<group>"; };
		241351952AB746AD001E2506 /* ContentView.swift */ = {isa = PBXFileReference; lastKnownFileType = sourcecode.swift; path = ContentView.swift; sourceTree = "<group>"; };
		241351972AB746AF001E2506 /* Assets.xcassets */ = {isa = PBXFileReference; lastKnownFileType = folder.assetcatalog; path = Assets.xcassets; sourceTree = "<group>"; };
		2413519A2AB746AF001E2506 /* Preview Assets.xcassets */ = {isa = PBXFileReference; lastKnownFileType = folder.assetcatalog; path = "Preview Assets.xcassets"; sourceTree = "<group>"; };
		241351A22AB747B5001E2506 /* RentalResponse.swift */ = {isa = PBXFileReference; lastKnownFileType = sourcecode.swift; path = RentalResponse.swift; sourceTree = "<group>"; };
		241351A42AB747E1001E2506 /* Rental.swift */ = {isa = PBXFileReference; lastKnownFileType = sourcecode.swift; path = Rental.swift; sourceTree = "<group>"; };
		241351A62AB747F5001E2506 /* RentalAttributes.swift */ = {isa = PBXFileReference; lastKnownFileType = sourcecode.swift; path = RentalAttributes.swift; sourceTree = "<group>"; };
		241351A82AB74809001E2506 /* RentalRelationships.swift */ = {isa = PBXFileReference; lastKnownFileType = sourcecode.swift; path = RentalRelationships.swift; sourceTree = "<group>"; };
		241351AA2AB7481E001E2506 /* PrimaryImageRelationship.swift */ = {isa = PBXFileReference; lastKnownFileType = sourcecode.swift; path = PrimaryImageRelationship.swift; sourceTree = "<group>"; };
		241351AC2AB74833001E2506 /* ImageData.swift */ = {isa = PBXFileReference; lastKnownFileType = sourcecode.swift; path = ImageData.swift; sourceTree = "<group>"; };
		241351AE2AB74842001E2506 /* ImageInfo.swift */ = {isa = PBXFileReference; lastKnownFileType = sourcecode.swift; path = ImageInfo.swift; sourceTree = "<group>"; };
		241351B02AB74858001E2506 /* ImageAttributes.swift */ = {isa = PBXFileReference; lastKnownFileType = sourcecode.swift; path = ImageAttributes.swift; sourceTree = "<group>"; };
		241351B32AB74AC3001E2506 /* RentalsViewModel.swift */ = {isa = PBXFileReference; lastKnownFileType = sourcecode.swift; path = RentalsViewModel.swift; sourceTree = "<group>"; };
		241351B72AB759B7001E2506 /* HorizontalRule.swift */ = {isa = PBXFileReference; lastKnownFileType = sourcecode.swift; path = HorizontalRule.swift; sourceTree = "<group>"; };
		241351B92AB75AF0001E2506 /* CustomTextFieldStyle.swift */ = {isa = PBXFileReference; lastKnownFileType = sourcecode.swift; path = CustomTextFieldStyle.swift; sourceTree = "<group>"; };
		241351BB2AB75EFD001E2506 /* SlightlyRoundedImageStyle.swift */ = {isa = PBXFileReference; lastKnownFileType = sourcecode.swift; path = SlightlyRoundedImageStyle.swift; sourceTree = "<group>"; };
/* End PBXFileReference section */

/* Begin PBXFrameworksBuildPhase section */
		2413518D2AB746AD001E2506 /* Frameworks */ = {
			isa = PBXFrameworksBuildPhase;
			buildActionMask = 2147483647;
			files = (
			);
			runOnlyForDeploymentPostprocessing = 0;
		};
/* End PBXFrameworksBuildPhase section */

/* Begin PBXGroup section */
		241351872AB746AD001E2506 = {
			isa = PBXGroup;
			children = (
				241351922AB746AD001E2506 /* OutdoorsySearch */,
				241351912AB746AD001E2506 /* Products */,
			);
			sourceTree = "<group>";
		};
		241351912AB746AD001E2506 /* Products */ = {
			isa = PBXGroup;
			children = (
				241351902AB746AD001E2506 /* OutdoorsySearch.app */,
			);
			name = Products;
			sourceTree = "<group>";
		};
		241351922AB746AD001E2506 /* OutdoorsySearch */ = {
			isa = PBXGroup;
			children = (
				241351B52AB74D0C001E2506 /* View */,
				241351B22AB74A50001E2506 /* ViewModel */,
				241351A12AB7477E001E2506 /* Model */,
				241351932AB746AD001E2506 /* OutdoorsySearchApp.swift */,
				241351972AB746AF001E2506 /* Assets.xcassets */,
				241351992AB746AF001E2506 /* Preview Content */,
			);
			path = OutdoorsySearch;
			sourceTree = "<group>";
		};
		241351992AB746AF001E2506 /* Preview Content */ = {
			isa = PBXGroup;
			children = (
				2413519A2AB746AF001E2506 /* Preview Assets.xcassets */,
			);
			path = "Preview Content";
			sourceTree = "<group>";
		};
		241351A12AB7477E001E2506 /* Model */ = {
			isa = PBXGroup;
			children = (
				241351A22AB747B5001E2506 /* RentalResponse.swift */,
				241351A42AB747E1001E2506 /* Rental.swift */,
				241351A62AB747F5001E2506 /* RentalAttributes.swift */,
				241351A82AB74809001E2506 /* RentalRelationships.swift */,
				241351AA2AB7481E001E2506 /* PrimaryImageRelationship.swift */,
				241351AC2AB74833001E2506 /* ImageData.swift */,
				241351AE2AB74842001E2506 /* ImageInfo.swift */,
				241351B02AB74858001E2506 /* ImageAttributes.swift */,
			);
			path = Model;
			sourceTree = "<group>";
		};
		241351B22AB74A50001E2506 /* ViewModel */ = {
			isa = PBXGroup;
			children = (
				241351B32AB74AC3001E2506 /* RentalsViewModel.swift */,
			);
			path = ViewModel;
			sourceTree = "<group>";
		};
		241351B52AB74D0C001E2506 /* View */ = {
			isa = PBXGroup;
			children = (
				241351B62AB7599B001E2506 /* SupportingFiles */,
				241351952AB746AD001E2506 /* ContentView.swift */,
			);
			path = View;
			sourceTree = "<group>";
		};
		241351B62AB7599B001E2506 /* SupportingFiles */ = {
			isa = PBXGroup;
			children = (
				241351B72AB759B7001E2506 /* HorizontalRule.swift */,
				241351B92AB75AF0001E2506 /* CustomTextFieldStyle.swift */,
				241351BB2AB75EFD001E2506 /* SlightlyRoundedImageStyle.swift */,
			);
			path = SupportingFiles;
			sourceTree = "<group>";
		};
/* End PBXGroup section */

/* Begin PBXNativeTarget section */
		2413518F2AB746AD001E2506 /* OutdoorsySearch */ = {
			isa = PBXNativeTarget;
			buildConfigurationList = 2413519E2AB746AF001E2506 /* Build configuration list for PBXNativeTarget "OutdoorsySearch" */;
			buildPhases = (
				2413518C2AB746AD001E2506 /* Sources */,
				2413518D2AB746AD001E2506 /* Frameworks */,
				2413518E2AB746AD001E2506 /* Resources */,
			);
			buildRules = (
			);
			dependencies = (
			);
			name = OutdoorsySearch;
			productName = OutdoorsySearch;
			productReference = 241351902AB746AD001E2506 /* OutdoorsySearch.app */;
			productType = "com.apple.product-type.application";
		};
/* End PBXNativeTarget section */

/* Begin PBXProject section */
		241351882AB746AD001E2506 /* Project object */ = {
			isa = PBXProject;
			attributes = {
				BuildIndependentTargetsInParallel = 1;
				LastSwiftUpdateCheck = 1430;
				LastUpgradeCheck = 1430;
				TargetAttributes = {
					2413518F2AB746AD001E2506 = {
						CreatedOnToolsVersion = 14.3.1;
					};
				};
			};
			buildConfigurationList = 2413518B2AB746AD001E2506 /* Build configuration list for PBXProject "OutdoorsySearch" */;
			compatibilityVersion = "Xcode 14.0";
			developmentRegion = en;
			hasScannedForEncodings = 0;
			knownRegions = (
				en,
				Base,
			);
			mainGroup = 241351872AB746AD001E2506;
			productRefGroup = 241351912AB746AD001E2506 /* Products */;
			projectDirPath = "";
			projectRoot = "";
			targets = (
				2413518F2AB746AD001E2506 /* OutdoorsySearch */,
			);
		};
/* End PBXProject section */

/* Begin PBXResourcesBuildPhase section */
		2413518E2AB746AD001E2506 /* Resources */ = {
			isa = PBXResourcesBuildPhase;
			buildActionMask = 2147483647;
			files = (
				2413519B2AB746AF001E2506 /* Preview Assets.xcassets in Resources */,
				241351982AB746AF001E2506 /* Assets.xcassets in Resources */,
			);
			runOnlyForDeploymentPostprocessing = 0;
		};
/* End PBXResourcesBuildPhase section */

/* Begin PBXSourcesBuildPhase section */
		2413518C2AB746AD001E2506 /* Sources */ = {
			isa = PBXSourcesBuildPhase;
			buildActionMask = 2147483647;
			files = (
				241351B42AB74AC3001E2506 /* RentalsViewModel.swift in Sources */,
				241351962AB746AD001E2506 /* ContentView.swift in Sources */,
				241351A52AB747E1001E2506 /* Rental.swift in Sources */,
				241351942AB746AD001E2506 /* OutdoorsySearchApp.swift in Sources */,
				241351AF2AB74842001E2506 /* ImageInfo.swift in Sources */,
				241351AB2AB7481E001E2506 /* PrimaryImageRelationship.swift in Sources */,
				241351BA2AB75AF0001E2506 /* CustomTextFieldStyle.swift in Sources */,
				241351A32AB747B5001E2506 /* RentalResponse.swift in Sources */,
				241351B12AB74858001E2506 /* ImageAttributes.swift in Sources */,
				241351A72AB747F5001E2506 /* RentalAttributes.swift in Sources */,
				241351BC2AB75EFD001E2506 /* SlightlyRoundedImageStyle.swift in Sources */,
				241351B82AB759B7001E2506 /* HorizontalRule.swift in Sources */,
				241351A92AB74809001E2506 /* RentalRelationships.swift in Sources */,
				241351AD2AB74833001E2506 /* ImageData.swift in Sources */,
			);
			runOnlyForDeploymentPostprocessing = 0;
		};
/* End PBXSourcesBuildPhase section */

/* Begin XCBuildConfiguration section */
		2413519C2AB746AF001E2506 /* Debug */ = {
			isa = XCBuildConfiguration;
			buildSettings = {
				ALWAYS_SEARCH_USER_PATHS = NO;
				CLANG_ANALYZER_NONNULL = YES;
				CLANG_ANALYZER_NUMBER_OBJECT_CONVERSION = YES_AGGRESSIVE;
				CLANG_CXX_LANGUAGE_STANDARD = "gnu++20";
				CLANG_ENABLE_MODULES = YES;
				CLANG_ENABLE_OBJC_ARC = YES;
				CLANG_ENABLE_OBJC_WEAK = YES;
				CLANG_WARN_BLOCK_CAPTURE_AUTORELEASING = YES;
				CLANG_WARN_BOOL_CONVERSION = YES;
				CLANG_WARN_COMMA = YES;
				CLANG_WARN_CONSTANT_CONVERSION = YES;
				CLANG_WARN_DEPRECATED_OBJC_IMPLEMENTATIONS = YES;
				CLANG_WARN_DIRECT_OBJC_ISA_USAGE = YES_ERROR;
				CLANG_WARN_DOCUMENTATION_COMMENTS = YES;
				CLANG_WARN_EMPTY_BODY = YES;
				CLANG_WARN_ENUM_CONVERSION = YES;
				CLANG_WARN_INFINITE_RECURSION = YES;
				CLANG_WARN_INT_CONVERSION = YES;
				CLANG_WARN_NON_LITERAL_NULL_CONVERSION = YES;
				CLANG_WARN_OBJC_IMPLICIT_RETAIN_SELF = YES;
				CLANG_WARN_OBJC_LITERAL_CONVERSION = YES;
				CLANG_WARN_OBJC_ROOT_CLASS = YES_ERROR;
				CLANG_WARN_QUOTED_INCLUDE_IN_FRAMEWORK_HEADER = YES;
				CLANG_WARN_RANGE_LOOP_ANALYSIS = YES;
				CLANG_WARN_STRICT_PROTOTYPES = YES;
				CLANG_WARN_SUSPICIOUS_MOVE = YES;
				CLANG_WARN_UNGUARDED_AVAILABILITY = YES_AGGRESSIVE;
				CLANG_WARN_UNREACHABLE_CODE = YES;
				CLANG_WARN__DUPLICATE_METHOD_MATCH = YES;
				COPY_PHASE_STRIP = NO;
				DEBUG_INFORMATION_FORMAT = dwarf;
				ENABLE_STRICT_OBJC_MSGSEND = YES;
				ENABLE_TESTABILITY = YES;
				GCC_C_LANGUAGE_STANDARD = gnu11;
				GCC_DYNAMIC_NO_PIC = NO;
				GCC_NO_COMMON_BLOCKS = YES;
				GCC_OPTIMIZATION_LEVEL = 0;
				GCC_PREPROCESSOR_DEFINITIONS = (
					"DEBUG=1",
					"$(inherited)",
				);
				GCC_WARN_64_TO_32_BIT_CONVERSION = YES;
				GCC_WARN_ABOUT_RETURN_TYPE = YES_ERROR;
				GCC_WARN_UNDECLARED_SELECTOR = YES;
				GCC_WARN_UNINITIALIZED_AUTOS = YES_AGGRESSIVE;
				GCC_WARN_UNUSED_FUNCTION = YES;
				GCC_WARN_UNUSED_VARIABLE = YES;
				IPHONEOS_DEPLOYMENT_TARGET = 16.4;
				MTL_ENABLE_DEBUG_INFO = INCLUDE_SOURCE;
				MTL_FAST_MATH = YES;
				ONLY_ACTIVE_ARCH = YES;
				SDKROOT = iphoneos;
				SWIFT_ACTIVE_COMPILATION_CONDITIONS = DEBUG;
				SWIFT_OPTIMIZATION_LEVEL = "-Onone";
			};
			name = Debug;
		};
		2413519D2AB746AF001E2506 /* Release */ = {
			isa = XCBuildConfiguration;
			buildSettings = {
				ALWAYS_SEARCH_USER_PATHS = NO;
				CLANG_ANALYZER_NONNULL = YES;
				CLANG_ANALYZER_NUMBER_OBJECT_CONVERSION = YES_AGGRESSIVE;
				CLANG_CXX_LANGUAGE_STANDARD = "gnu++20";
				CLANG_ENABLE_MODULES = YES;
				CLANG_ENABLE_OBJC_ARC = YES;
				CLANG_ENABLE_OBJC_WEAK = YES;
				CLANG_WARN_BLOCK_CAPTURE_AUTORELEASING = YES;
				CLANG_WARN_BOOL_CONVERSION = YES;
				CLANG_WARN_COMMA = YES;
				CLANG_WARN_CONSTANT_CONVERSION = YES;
				CLANG_WARN_DEPRECATED_OBJC_IMPLEMENTATIONS = YES;
				CLANG_WARN_DIRECT_OBJC_ISA_USAGE = YES_ERROR;
				CLANG_WARN_DOCUMENTATION_COMMENTS = YES;
				CLANG_WARN_EMPTY_BODY = YES;
				CLANG_WARN_ENUM_CONVERSION = YES;
				CLANG_WARN_INFINITE_RECURSION = YES;
				CLANG_WARN_INT_CONVERSION = YES;
				CLANG_WARN_NON_LITERAL_NULL_CONVERSION = YES;
				CLANG_WARN_OBJC_IMPLICIT_RETAIN_SELF = YES;
				CLANG_WARN_OBJC_LITERAL_CONVERSION = YES;
				CLANG_WARN_OBJC_ROOT_CLASS = YES_ERROR;
				CLANG_WARN_QUOTED_INCLUDE_IN_FRAMEWORK_HEADER = YES;
				CLANG_WARN_RANGE_LOOP_ANALYSIS = YES;
				CLANG_WARN_STRICT_PROTOTYPES = YES;
				CLANG_WARN_SUSPICIOUS_MOVE = YES;
				CLANG_WARN_UNGUARDED_AVAILABILITY = YES_AGGRESSIVE;
				CLANG_WARN_UNREACHABLE_CODE = YES;
				CLANG_WARN__DUPLICATE_METHOD_MATCH = YES;
				COPY_PHASE_STRIP = NO;
				DEBUG_INFORMATION_FORMAT = "dwarf-with-dsym";
				ENABLE_NS_ASSERTIONS = NO;
				ENABLE_STRICT_OBJC_MSGSEND = YES;
				GCC_C_LANGUAGE_STANDARD = gnu11;
				GCC_NO_COMMON_BLOCKS = YES;
				GCC_WARN_64_TO_32_BIT_CONVERSION = YES;
				GCC_WARN_ABOUT_RETURN_TYPE = YES_ERROR;
				GCC_WARN_UNDECLARED_SELECTOR = YES;
				GCC_WARN_UNINITIALIZED_AUTOS = YES_AGGRESSIVE;
				GCC_WARN_UNUSED_FUNCTION = YES;
				GCC_WARN_UNUSED_VARIABLE = YES;
				IPHONEOS_DEPLOYMENT_TARGET = 16.4;
				MTL_ENABLE_DEBUG_INFO = NO;
				MTL_FAST_MATH = YES;
				SDKROOT = iphoneos;
				SWIFT_COMPILATION_MODE = wholemodule;
				SWIFT_OPTIMIZATION_LEVEL = "-O";
				VALIDATE_PRODUCT = YES;
			};
			name = Release;
		};
		2413519F2AB746AF001E2506 /* Debug */ = {
			isa = XCBuildConfiguration;
			buildSettings = {
				ASSETCATALOG_COMPILER_APPICON_NAME = AppIcon;
				ASSETCATALOG_COMPILER_GLOBAL_ACCENT_COLOR_NAME = AccentColor;
				CODE_SIGN_STYLE = Automatic;
				CURRENT_PROJECT_VERSION = 1;
				DEVELOPMENT_ASSET_PATHS = "\"OutdoorsySearch/Preview Content\"";
				DEVELOPMENT_TEAM = F2VB86LLAX;
				ENABLE_PREVIEWS = YES;
				GENERATE_INFOPLIST_FILE = YES;
				INFOPLIST_KEY_UIApplicationSceneManifest_Generation = YES;
				INFOPLIST_KEY_UIApplicationSupportsIndirectInputEvents = YES;
				INFOPLIST_KEY_UILaunchScreen_Generation = YES;
				INFOPLIST_KEY_UISupportedInterfaceOrientations_iPad = "UIInterfaceOrientationPortrait UIInterfaceOrientationPortraitUpsideDown UIInterfaceOrientationLandscapeLeft UIInterfaceOrientationLandscapeRight";
				INFOPLIST_KEY_UISupportedInterfaceOrientations_iPhone = "UIInterfaceOrientationPortrait UIInterfaceOrientationLandscapeLeft UIInterfaceOrientationLandscapeRight";
				LD_RUNPATH_SEARCH_PATHS = (
					"$(inherited)",
					"@executable_path/Frameworks",
				);
				MARKETING_VERSION = 1.0;
				PRODUCT_BUNDLE_IDENTIFIER = com.TheXcoder.OutdoorsySearch;
				PRODUCT_NAME = "$(TARGET_NAME)";
				SWIFT_EMIT_LOC_STRINGS = YES;
				SWIFT_VERSION = 5.0;
				TARGETED_DEVICE_FAMILY = "1,2";
			};
			name = Debug;
		};
		241351A02AB746AF001E2506 /* Release */ = {
			isa = XCBuildConfiguration;
			buildSettings = {
				ASSETCATALOG_COMPILER_APPICON_NAME = AppIcon;
				ASSETCATALOG_COMPILER_GLOBAL_ACCENT_COLOR_NAME = AccentColor;
				CODE_SIGN_STYLE = Automatic;
				CURRENT_PROJECT_VERSION = 1;
				DEVELOPMENT_ASSET_PATHS = "\"OutdoorsySearch/Preview Content\"";
				DEVELOPMENT_TEAM = F2VB86LLAX;
				ENABLE_PREVIEWS = YES;
				GENERATE_INFOPLIST_FILE = YES;
				INFOPLIST_KEY_UIApplicationSceneManifest_Generation = YES;
				INFOPLIST_KEY_UIApplicationSupportsIndirectInputEvents = YES;
				INFOPLIST_KEY_UILaunchScreen_Generation = YES;
				INFOPLIST_KEY_UISupportedInterfaceOrientations_iPad = "UIInterfaceOrientationPortrait UIInterfaceOrientationPortraitUpsideDown UIInterfaceOrientationLandscapeLeft UIInterfaceOrientationLandscapeRight";
				INFOPLIST_KEY_UISupportedInterfaceOrientations_iPhone = "UIInterfaceOrientationPortrait UIInterfaceOrientationLandscapeLeft UIInterfaceOrientationLandscapeRight";
				LD_RUNPATH_SEARCH_PATHS = (
					"$(inherited)",
					"@executable_path/Frameworks",
				);
				MARKETING_VERSION = 1.0;
				PRODUCT_BUNDLE_IDENTIFIER = com.TheXcoder.OutdoorsySearch;
				PRODUCT_NAME = "$(TARGET_NAME)";
				SWIFT_EMIT_LOC_STRINGS = YES;
				SWIFT_VERSION = 5.0;
				TARGETED_DEVICE_FAMILY = "1,2";
			};
			name = Release;
		};
/* End XCBuildConfiguration section */

/* Begin XCConfigurationList section */
		2413518B2AB746AD001E2506 /* Build configuration list for PBXProject "OutdoorsySearch" */ = {
			isa = XCConfigurationList;
			buildConfigurations = (
				2413519C2AB746AF001E2506 /* Debug */,
				2413519D2AB746AF001E2506 /* Release */,
			);
			defaultConfigurationIsVisible = 0;
			defaultConfigurationName = Release;
		};
		2413519E2AB746AF001E2506 /* Build configuration list for PBXNativeTarget "OutdoorsySearch" */ = {
			isa = XCConfigurationList;
			buildConfigurations = (
				2413519F2AB746AF001E2506 /* Debug */,
				241351A02AB746AF001E2506 /* Release */,
			);
			defaultConfigurationIsVisible = 0;
			defaultConfigurationName = Release;
		};
/* End XCConfigurationList section */
	};
	rootObject = 241351882AB746AD001E2506 /* Project object */;
}
